
Microsoft Visual Studio Solution File, Format Version 12.00
# Visual Studio Version 17
VisualStudioVersion = 17.3.32606.499
MinimumVisualStudioVersion = 10.0.40219.1
Project("{9A19103F-16F7-4668-BE54-9A1E7A4F7556}") = "TestExample", "TestExample\TestExample.csproj", "{3DF97486-66BD-4CA0-A624-D58872B16BF2}"
EndProject
Project("{9A19103F-16F7-4668-BE54-9A1E7A4F7556}") = "IncrementalGeneratorSamples.Generator", "IncrementalGeneratorSamples.Generator\IncrementalGeneratorSamples.Generator.csproj", "{86449114-3FDE-49B3-B999-B88C5C30A9F3}"
EndProject
Project("{9A19103F-16F7-4668-BE54-9A1E7A4F7556}") = "IncrementalGeneratorSamples.Runtime", "IncrementalGeneratorSamples.Runtime\IncrementalGeneratorSamples.Runtime.csproj", "{48486747-F5A9-407F-A099-B6517F6018D9}"
EndProject
Project("{9A19103F-16F7-4668-BE54-9A1E7A4F7556}") = "IncrementalGeneratorSamples.Test", "IncrementalGeneratorSamples.Test\IncrementalGeneratorSamples.Test.csproj", "{EF0D8730-2CF6-44C5-81AB-0F90FE7B35D1}"
EndProject
Project("{9A19103F-16F7-4668-BE54-9A1E7A4F7556}") = "IncrementalGeneratorSamples.IntegrationTests", "IncrementalGeneratorSamples.IntegrationTests\IncrementalGeneratorSamples.IntegrationTests.csproj", "{69C99EF3-5FBB-4001-8248-2909E573EA5A}"
EndProject
Project("{2150E333-8FDC-42A3-9474-1A3956D46DE8}") = "ExpectedOutput", "ExpectedOutput", "{08F2F95D-09F8-4159-B2B4-18018FD271C6}"
	ProjectSection(SolutionItems) = preProject
		TestExample\GeneratedViaTest\AddLine.partial.g.cs = TestExample\GeneratedViaTest\AddLine.partial.g.cs
		TestExample\GeneratedViaTest\Cli.cs = TestExample\GeneratedViaTest\Cli.cs
		TestExample\GeneratedViaTest\Cli.partial.g.cs = TestExample\GeneratedViaTest\Cli.partial.g.cs
		TestExample\GeneratedViaTest\ReadFile.partial.g.cs = TestExample\GeneratedViaTest\ReadFile.partial.g.cs
		TestExample\GeneratedViaTest\Root.g.cs = TestExample\GeneratedViaTest\Root.g.cs
		TestExample\ExpectedOutputNotCompiled\RootCommand.g.cs = TestExample\ExpectedOutputNotCompiled\RootCommand.g.cs
	EndProjectSection
EndProject
Project("{2150E333-8FDC-42A3-9474-1A3956D46DE8}") = "Solution Items", "Solution Items", "{FA8C6D4C-4D8C-4D42-8953-BDB9CE22F2C5}"
	ProjectSection(SolutionItems) = preProject
		Directory.Build.props = Directory.Build.props
		global.json = global.json
		NuGet.config = NuGet.config
		README.md = README.md
	EndProjectSection
EndProject
Global
	GlobalSection(SolutionConfigurationPlatforms) = preSolution
		Debug|Any CPU = Debug|Any CPU
		Release|Any CPU = Release|Any CPU
	EndGlobalSection
	GlobalSection(ProjectConfigurationPlatforms) = postSolution
		{3DF97486-66BD-4CA0-A624-D58872B16BF2}.Debug|Any CPU.ActiveCfg = Debug|Any CPU
		{3DF97486-66BD-4CA0-A624-D58872B16BF2}.Debug|Any CPU.Build.0 = Debug|Any CPU
		{3DF97486-66BD-4CA0-A624-D58872B16BF2}.Release|Any CPU.ActiveCfg = Release|Any CPU
		{3DF97486-66BD-4CA0-A624-D58872B16BF2}.Release|Any CPU.Build.0 = Release|Any CPU
		{86449114-3FDE-49B3-B999-B88C5C30A9F3}.Debug|Any CPU.ActiveCfg = Debug|Any CPU
		{86449114-3FDE-49B3-B999-B88C5C30A9F3}.Debug|Any CPU.Build.0 = Debug|Any CPU
		{86449114-3FDE-49B3-B999-B88C5C30A9F3}.Release|Any CPU.ActiveCfg = Release|Any CPU
		{86449114-3FDE-49B3-B999-B88C5C30A9F3}.Release|Any CPU.Build.0 = Release|Any CPU
		{48486747-F5A9-407F-A099-B6517F6018D9}.Debug|Any CPU.ActiveCfg = Debug|Any CPU
		{48486747-F5A9-407F-A099-B6517F6018D9}.Debug|Any CPU.Build.0 = Debug|Any CPU
		{48486747-F5A9-407F-A099-B6517F6018D9}.Release|Any CPU.ActiveCfg = Release|Any CPU
		{48486747-F5A9-407F-A099-B6517F6018D9}.Release|Any CPU.Build.0 = Release|Any CPU
		{EF0D8730-2CF6-44C5-81AB-0F90FE7B35D1}.Debug|Any CPU.ActiveCfg = Debug|Any CPU
		{EF0D8730-2CF6-44C5-81AB-0F90FE7B35D1}.Debug|Any CPU.Build.0 = Debug|Any CPU
		{EF0D8730-2CF6-44C5-81AB-0F90FE7B35D1}.Release|Any CPU.ActiveCfg = Release|Any CPU
		{EF0D8730-2CF6-44C5-81AB-0F90FE7B35D1}.Release|Any CPU.Build.0 = Release|Any CPU
		{69C99EF3-5FBB-4001-8248-2909E573EA5A}.Debug|Any CPU.ActiveCfg = Debug|Any CPU
		{69C99EF3-5FBB-4001-8248-2909E573EA5A}.Debug|Any CPU.Build.0 = Debug|Any CPU
		{69C99EF3-5FBB-4001-8248-2909E573EA5A}.Release|Any CPU.ActiveCfg = Release|Any CPU
		{69C99EF3-5FBB-4001-8248-2909E573EA5A}.Release|Any CPU.Build.0 = Release|Any CPU
	EndGlobalSection
	GlobalSection(SolutionProperties) = preSolution
		HideSolutionNode = FALSE
	EndGlobalSection
	GlobalSection(ExtensibilityGlobals) = postSolution
		SolutionGuid = {07714C13-7781-4F2E-A2C6-11D54B83A975}
	EndGlobalSection
EndGlobal
